// !$*UTF8*$!
{
	archiveVersion = 1;
	classes = {
	};
	objectVersion = 55;
	objects = {

/* Begin PBXBuildFile section */
		171199A427FCB90A0036FFCD /* Conhecimento.swift in Sources */ = {isa = PBXBuildFile; fileRef = 171199A327FCB90A0036FFCD /* Conhecimento.swift */; };
		1752020D27EE3BB300A7FE0E /* AppDelegate.swift in Sources */ = {isa = PBXBuildFile; fileRef = 1752020C27EE3BB300A7FE0E /* AppDelegate.swift */; };
		1752020F27EE3BB300A7FE0E /* SceneDelegate.swift in Sources */ = {isa = PBXBuildFile; fileRef = 1752020E27EE3BB300A7FE0E /* SceneDelegate.swift */; };
		1752021127EE3BB300A7FE0E /* ViewController.swift in Sources */ = {isa = PBXBuildFile; fileRef = 1752021027EE3BB300A7FE0E /* ViewController.swift */; };
		1752021427EE3BB300A7FE0E /* Main.storyboard in Resources */ = {isa = PBXBuildFile; fileRef = 1752021227EE3BB300A7FE0E /* Main.storyboard */; };
		1752021627EE3BB300A7FE0E /* Assets.xcassets in Resources */ = {isa = PBXBuildFile; fileRef = 1752021527EE3BB300A7FE0E /* Assets.xcassets */; };
		1752021927EE3BB300A7FE0E /* LaunchScreen.storyboard in Resources */ = {isa = PBXBuildFile; fileRef = 1752021727EE3BB300A7FE0E /* LaunchScreen.storyboard */; };
		17B29C61280DE927006149F4 /* CardHelper.swift in Sources */ = {isa = PBXBuildFile; fileRef = 17B29C60280DE927006149F4 /* CardHelper.swift */; };
		17B29C63280DEC25006149F4 /* cardHerlperCollectionViewCell.swift in Sources */ = {isa = PBXBuildFile; fileRef = 17B29C62280DEC25006149F4 /* cardHerlperCollectionViewCell.swift */; };
/* End PBXBuildFile section */

/* Begin PBXFileReference section */
		171199A327FCB90A0036FFCD /* Conhecimento.swift */ = {isa = PBXFileReference; lastKnownFileType = sourcecode.swift; path = Conhecimento.swift; sourceTree = "<group>"; };
		1752020927EE3BB300A7FE0E /* SquareSkill.app */ = {isa = PBXFileReference; explicitFileType = wrapper.application; includeInIndex = 0; path = SquareSkill.app; sourceTree = BUILT_PRODUCTS_DIR; };
		1752020C27EE3BB300A7FE0E /* AppDelegate.swift */ = {isa = PBXFileReference; lastKnownFileType = sourcecode.swift; path = AppDelegate.swift; sourceTree = "<group>"; };
		1752020E27EE3BB300A7FE0E /* SceneDelegate.swift */ = {isa = PBXFileReference; lastKnownFileType = sourcecode.swift; path = SceneDelegate.swift; sourceTree = "<group>"; };
		1752021027EE3BB300A7FE0E /* ViewController.swift */ = {isa = PBXFileReference; lastKnownFileType = sourcecode.swift; path = ViewController.swift; sourceTree = "<group>"; };
		1752021327EE3BB300A7FE0E /* Base */ = {isa = PBXFileReference; lastKnownFileType = file.storyboard; name = Base; path = Base.lproj/Main.storyboard; sourceTree = "<group>"; };
		1752021527EE3BB300A7FE0E /* Assets.xcassets */ = {isa = PBXFileReference; lastKnownFileType = folder.assetcatalog; path = Assets.xcassets; sourceTree = "<group>"; };
		1752021827EE3BB300A7FE0E /* Base */ = {isa = PBXFileReference; lastKnownFileType = file.storyboard; name = Base; path = Base.lproj/LaunchScreen.storyboard; sourceTree = "<group>"; };
		1752021A27EE3BB300A7FE0E /* Info.plist */ = {isa = PBXFileReference; lastKnownFileType = text.plist.xml; path = Info.plist; sourceTree = "<group>"; };
		17B29C60280DE927006149F4 /* CardHelper.swift */ = {isa = PBXFileReference; lastKnownFileType = sourcecode.swift; path = CardHelper.swift; sourceTree = "<group>"; };
		17B29C62280DEC25006149F4 /* cardHerlperCollectionViewCell.swift */ = {isa = PBXFileReference; lastKnownFileType = sourcecode.swift; path = cardHerlperCollectionViewCell.swift; sourceTree = "<group>"; };
/* End PBXFileReference section */

/* Begin PBXFrameworksBuildPhase section */
		1752020627EE3BB300A7FE0E /* Frameworks */ = {
			isa = PBXFrameworksBuildPhase;
			buildActionMask = 2147483647;
			files = (
			);
			runOnlyForDeploymentPostprocessing = 0;
		};
/* End PBXFrameworksBuildPhase section */

/* Begin PBXGroup section */
		171199A527FCB9B20036FFCD /* Models */ = {
			isa = PBXGroup;
			children = (
				171199A327FCB90A0036FFCD /* Conhecimento.swift */,
				17B29C60280DE927006149F4 /* CardHelper.swift */,
			);
			path = Models;
			sourceTree = "<group>";
		};
		171199A627FCBA1F0036FFCD /* Controllers */ = {
			isa = PBXGroup;
			children = (
				1752021027EE3BB300A7FE0E /* ViewController.swift */,
				17B29C62280DEC25006149F4 /* cardHerlperCollectionViewCell.swift */,
			);
			path = Controllers;
			sourceTree = "<group>";
		};
		171199A727FCBA360036FFCD /* Storyboards */ = {
			isa = PBXGroup;
			children = (
				1752021227EE3BB300A7FE0E /* Main.storyboard */,
			);
			path = Storyboards;
			sourceTree = "<group>";
		};
		171199A827FCBAD30036FFCD /* SupportingFiles */ = {
			isa = PBXGroup;
			children = (
				1752021527EE3BB300A7FE0E /* Assets.xcassets */,
				1752020E27EE3BB300A7FE0E /* SceneDelegate.swift */,
				1752020C27EE3BB300A7FE0E /* AppDelegate.swift */,
				1752021727EE3BB300A7FE0E /* LaunchScreen.storyboard */,
				1752021A27EE3BB300A7FE0E /* Info.plist */,
			);
			name = SupportingFiles;
			sourceTree = "<group>";
		};
		1752020027EE3BB200A7FE0E = {
			isa = PBXGroup;
			children = (
				1752020B27EE3BB300A7FE0E /* SquareSkill */,
				1752020A27EE3BB300A7FE0E /* Products */,
			);
			sourceTree = "<group>";
		};
		1752020A27EE3BB300A7FE0E /* Products */ = {
			isa = PBXGroup;
			children = (
				1752020927EE3BB300A7FE0E /* SquareSkill.app */,
			);
			name = Products;
			sourceTree = "<group>";
		};
		1752020B27EE3BB300A7FE0E /* SquareSkill */ = {
			isa = PBXGroup;
			children = (
				171199A627FCBA1F0036FFCD /* Controllers */,
				171199A527FCB9B20036FFCD /* Models */,
				171199A727FCBA360036FFCD /* Storyboards */,
				171199A827FCBAD30036FFCD /* SupportingFiles */,
			);
			path = SquareSkill;
			sourceTree = "<group>";
		};
/* End PBXGroup section */

/* Begin PBXNativeTarget section */
		1752020827EE3BB300A7FE0E /* SquareSkill */ = {
			isa = PBXNativeTarget;
			buildConfigurationList = 1752021D27EE3BB300A7FE0E /* Build configuration list for PBXNativeTarget "SquareSkill" */;
			buildPhases = (
				1752020527EE3BB300A7FE0E /* Sources */,
				1752020627EE3BB300A7FE0E /* Frameworks */,
				1752020727EE3BB300A7FE0E /* Resources */,
			);
			buildRules = (
			);
			dependencies = (
			);
			name = SquareSkill;
			productName = SquareSkill;
			productReference = 1752020927EE3BB300A7FE0E /* SquareSkill.app */;
			productType = "com.apple.product-type.application";
		};
/* End PBXNativeTarget section */

/* Begin PBXProject section */
		1752020127EE3BB200A7FE0E /* Project object */ = {
			isa = PBXProject;
			attributes = {
				BuildIndependentTargetsInParallel = 1;
				LastSwiftUpdateCheck = 1330;
				LastUpgradeCheck = 1330;
				TargetAttributes = {
					1752020827EE3BB300A7FE0E = {
						CreatedOnToolsVersion = 13.3;
					};
				};
			};
			buildConfigurationList = 1752020427EE3BB200A7FE0E /* Build configuration list for PBXProject "SquareSkill" */;
			compatibilityVersion = "Xcode 13.0";
			developmentRegion = en;
			hasScannedForEncodings = 0;
			knownRegions = (
				en,
				Base,
			);
			mainGroup = 1752020027EE3BB200A7FE0E;
			productRefGroup = 1752020A27EE3BB300A7FE0E /* Products */;
			projectDirPath = "";
			projectRoot = "";
			targets = (
				1752020827EE3BB300A7FE0E /* SquareSkill */,
			);
		};
/* End PBXProject section */

/* Begin PBXResourcesBuildPhase section */
		1752020727EE3BB300A7FE0E /* Resources */ = {
			isa = PBXResourcesBuildPhase;
			buildActionMask = 2147483647;
			files = (
				1752021927EE3BB300A7FE0E /* LaunchScreen.storyboard in Resources */,
				1752021627EE3BB300A7FE0E /* Assets.xcassets in Resources */,
				1752021427EE3BB300A7FE0E /* Main.storyboard in Resources */,
			);
			runOnlyForDeploymentPostprocessing = 0;
		};
/* End PBXResourcesBuildPhase section */

/* Begin PBXSourcesBuildPhase section */
		1752020527EE3BB300A7FE0E /* Sources */ = {
			isa = PBXSourcesBuildPhase;
			buildActionMask = 2147483647;
			files = (
				17B29C61280DE927006149F4 /* CardHelper.swift in Sources */,
				17B29C63280DEC25006149F4 /* cardHerlperCollectionViewCell.swift in Sources */,
				1752021127EE3BB300A7FE0E /* ViewController.swift in Sources */,
				171199A427FCB90A0036FFCD /* Conhecimento.swift in Sources */,
				1752020D27EE3BB300A7FE0E /* AppDelegate.swift in Sources */,
				1752020F27EE3BB300A7FE0E /* SceneDelegate.swift in Sources */,
			);
			runOnlyForDeploymentPostprocessing = 0;
		};
/* End PBXSourcesBuildPhase section */

/* Begin PBXVariantGroup section */
		1752021227EE3BB300A7FE0E /* Main.storyboard */ = {
			isa = PBXVariantGroup;
			children = (
				1752021327EE3BB300A7FE0E /* Base */,
			);
			name = Main.storyboard;
			sourceTree = "<group>";
		};
		1752021727EE3BB300A7FE0E /* LaunchScreen.storyboard */ = {
			isa = PBXVariantGroup;
			children = (
				1752021827EE3BB300A7FE0E /* Base */,
			);
			name = LaunchScreen.storyboard;
			sourceTree = "<group>";
		};
/* End PBXVariantGroup section */

/* Begin XCBuildConfiguration section */
		1752021B27EE3BB300A7FE0E /* Debug */ = {
			isa = XCBuildConfiguration;
			buildSettings = {
				ALWAYS_SEARCH_USER_PATHS = NO;
				CLANG_ANALYZER_NONNULL = YES;
				CLANG_ANALYZER_NUMBER_OBJECT_CONVERSION = YES_AGGRESSIVE;
				CLANG_CXX_LANGUAGE_STANDARD = "gnu++17";
				CLANG_ENABLE_MODULES = YES;
				CLANG_ENABLE_OBJC_ARC = YES;
				CLANG_ENABLE_OBJC_WEAK = YES;
				CLANG_WARN_BLOCK_CAPTURE_AUTORELEASING = YES;
				CLANG_WARN_BOOL_CONVERSION = YES;
				CLANG_WARN_COMMA = YES;
				CLANG_WARN_CONSTANT_CONVERSION = YES;
				CLANG_WARN_DEPRECATED_OBJC_IMPLEMENTATIONS = YES;
				CLANG_WARN_DIRECT_OBJC_ISA_USAGE = YES_ERROR;
				CLANG_WARN_DOCUMENTATION_COMMENTS = YES;
				CLANG_WARN_EMPTY_BODY = YES;
				CLANG_WARN_ENUM_CONVERSION = YES;
				CLANG_WARN_INFINITE_RECURSION = YES;
				CLANG_WARN_INT_CONVERSION = YES;
				CLANG_WARN_NON_LITERAL_NULL_CONVERSION = YES;
				CLANG_WARN_OBJC_IMPLICIT_RETAIN_SELF = YES;
				CLANG_WARN_OBJC_LITERAL_CONVERSION = YES;
				CLANG_WARN_OBJC_ROOT_CLASS = YES_ERROR;
				CLANG_WARN_QUOTED_INCLUDE_IN_FRAMEWORK_HEADER = YES;
				CLANG_WARN_RANGE_LOOP_ANALYSIS = YES;
				CLANG_WARN_STRICT_PROTOTYPES = YES;
				CLANG_WARN_SUSPICIOUS_MOVE = YES;
				CLANG_WARN_UNGUARDED_AVAILABILITY = YES_AGGRESSIVE;
				CLANG_WARN_UNREACHABLE_CODE = YES;
				CLANG_WARN__DUPLICATE_METHOD_MATCH = YES;
				COPY_PHASE_STRIP = NO;
				DEBUG_INFORMATION_FORMAT = dwarf;
				ENABLE_STRICT_OBJC_MSGSEND = YES;
				ENABLE_TESTABILITY = YES;
				GCC_C_LANGUAGE_STANDARD = gnu11;
				GCC_DYNAMIC_NO_PIC = NO;
				GCC_NO_COMMON_BLOCKS = YES;
				GCC_OPTIMIZATION_LEVEL = 0;
				GCC_PREPROCESSOR_DEFINITIONS = (
					"DEBUG=1",
					"$(inherited)",
				);
				GCC_WARN_64_TO_32_BIT_CONVERSION = YES;
				GCC_WARN_ABOUT_RETURN_TYPE = YES_ERROR;
				GCC_WARN_UNDECLARED_SELECTOR = YES;
				GCC_WARN_UNINITIALIZED_AUTOS = YES_AGGRESSIVE;
				GCC_WARN_UNUSED_FUNCTION = YES;
				GCC_WARN_UNUSED_VARIABLE = YES;
				IPHONEOS_DEPLOYMENT_TARGET = 15.4;
				MTL_ENABLE_DEBUG_INFO = INCLUDE_SOURCE;
				MTL_FAST_MATH = YES;
				ONLY_ACTIVE_ARCH = YES;
				SDKROOT = iphoneos;
				SWIFT_ACTIVE_COMPILATION_CONDITIONS = DEBUG;
				SWIFT_OPTIMIZATION_LEVEL = "-Onone";
			};
			name = Debug;
		};
		1752021C27EE3BB300A7FE0E /* Release */ = {
			isa = XCBuildConfiguration;
			buildSettings = {
				ALWAYS_SEARCH_USER_PATHS = NO;
				CLANG_ANALYZER_NONNULL = YES;
				CLANG_ANALYZER_NUMBER_OBJECT_CONVERSION = YES_AGGRESSIVE;
				CLANG_CXX_LANGUAGE_STANDARD = "gnu++17";
				CLANG_ENABLE_MODULES = YES;
				CLANG_ENABLE_OBJC_ARC = YES;
				CLANG_ENABLE_OBJC_WEAK = YES;
				CLANG_WARN_BLOCK_CAPTURE_AUTORELEASING = YES;
				CLANG_WARN_BOOL_CONVERSION = YES;
				CLANG_WARN_COMMA = YES;
				CLANG_WARN_CONSTANT_CONVERSION = YES;
				CLANG_WARN_DEPRECATED_OBJC_IMPLEMENTATIONS = YES;
				CLANG_WARN_DIRECT_OBJC_ISA_USAGE = YES_ERROR;
				CLANG_WARN_DOCUMENTATION_COMMENTS = YES;
				CLANG_WARN_EMPTY_BODY = YES;
				CLANG_WARN_ENUM_CONVERSION = YES;
				CLANG_WARN_INFINITE_RECURSION = YES;
				CLANG_WARN_INT_CONVERSION = YES;
				CLANG_WARN_NON_LITERAL_NULL_CONVERSION = YES;
				CLANG_WARN_OBJC_IMPLICIT_RETAIN_SELF = YES;
				CLANG_WARN_OBJC_LITERAL_CONVERSION = YES;
				CLANG_WARN_OBJC_ROOT_CLASS = YES_ERROR;
				CLANG_WARN_QUOTED_INCLUDE_IN_FRAMEWORK_HEADER = YES;
				CLANG_WARN_RANGE_LOOP_ANALYSIS = YES;
				CLANG_WARN_STRICT_PROTOTYPES = YES;
				CLANG_WARN_SUSPICIOUS_MOVE = YES;
				CLANG_WARN_UNGUARDED_AVAILABILITY = YES_AGGRESSIVE;
				CLANG_WARN_UNREACHABLE_CODE = YES;
				CLANG_WARN__DUPLICATE_METHOD_MATCH = YES;
				COPY_PHASE_STRIP = NO;
				DEBUG_INFORMATION_FORMAT = "dwarf-with-dsym";
				ENABLE_NS_ASSERTIONS = NO;
				ENABLE_STRICT_OBJC_MSGSEND = YES;
				GCC_C_LANGUAGE_STANDARD = gnu11;
				GCC_NO_COMMON_BLOCKS = YES;
				GCC_WARN_64_TO_32_BIT_CONVERSION = YES;
				GCC_WARN_ABOUT_RETURN_TYPE = YES_ERROR;
				GCC_WARN_UNDECLARED_SELECTOR = YES;
				GCC_WARN_UNINITIALIZED_AUTOS = YES_AGGRESSIVE;
				GCC_WARN_UNUSED_FUNCTION = YES;
				GCC_WARN_UNUSED_VARIABLE = YES;
				IPHONEOS_DEPLOYMENT_TARGET = 15.4;
				MTL_ENABLE_DEBUG_INFO = NO;
				MTL_FAST_MATH = YES;
				SDKROOT = iphoneos;
				SWIFT_COMPILATION_MODE = wholemodule;
				SWIFT_OPTIMIZATION_LEVEL = "-O";
				VALIDATE_PRODUCT = YES;
			};
			name = Release;
		};
		1752021E27EE3BB300A7FE0E /* Debug */ = {
			isa = XCBuildConfiguration;
			buildSettings = {
				ASSETCATALOG_COMPILER_APPICON_NAME = AppIcon;
				ASSETCATALOG_COMPILER_GLOBAL_ACCENT_COLOR_NAME = AccentColor;
				CODE_SIGN_STYLE = Automatic;
				CURRENT_PROJECT_VERSION = 1;
				DEVELOPMENT_TEAM = 749Q737TF5;
				GENERATE_INFOPLIST_FILE = YES;
				INFOPLIST_FILE = SquareSkill/Info.plist;
				INFOPLIST_KEY_UIApplicationSupportsIndirectInputEvents = YES;
				INFOPLIST_KEY_UILaunchStoryboardName = LaunchScreen;
				INFOPLIST_KEY_UIMainStoryboardFile = Main;
				INFOPLIST_KEY_UISupportedInterfaceOrientations_iPad = "UIInterfaceOrientationPortrait UIInterfaceOrientationPortraitUpsideDown UIInterfaceOrientationLandscapeLeft UIInterfaceOrientationLandscapeRight";
				INFOPLIST_KEY_UISupportedInterfaceOrientations_iPhone = "UIInterfaceOrientationPortrait UIInterfaceOrientationLandscapeLeft UIInterfaceOrientationLandscapeRight";
				LD_RUNPATH_SEARCH_PATHS = (
					"$(inherited)",
					"@executable_path/Frameworks",
				);
				MARKETING_VERSION = 1.0;
				PRODUCT_BUNDLE_IDENTIFIER = br.ufpe.cin.academy.SquareSkill;
				PRODUCT_NAME = "$(TARGET_NAME)";
				SWIFT_EMIT_LOC_STRINGS = YES;
				SWIFT_VERSION = 5.0;
				TARGETED_DEVICE_FAMILY = "1,2";
			};
			name = Debug;
		};
		1752021F27EE3BB300A7FE0E /* Release */ = {
			isa = XCBuildConfiguration;
			buildSettings = {
				ASSETCATALOG_COMPILER_APPICON_NAME = AppIcon;
				ASSETCATALOG_COMPILER_GLOBAL_ACCENT_COLOR_NAME = AccentColor;
				CODE_SIGN_STYLE = Automatic;
				CURRENT_PROJECT_VERSION = 1;
				DEVELOPMENT_TEAM = 749Q737TF5;
				GENERATE_INFOPLIST_FILE = YES;
				INFOPLIST_FILE = SquareSkill/Info.plist;
				INFOPLIST_KEY_UIApplicationSupportsIndirectInputEvents = YES;
				INFOPLIST_KEY_UILaunchStoryboardName = LaunchScreen;
				INFOPLIST_KEY_UIMainStoryboardFile = Main;
				INFOPLIST_KEY_UISupportedInterfaceOrientations_iPad = "UIInterfaceOrientationPortrait UIInterfaceOrientationPortraitUpsideDown UIInterfaceOrientationLandscapeLeft UIInterfaceOrientationLandscapeRight";
				INFOPLIST_KEY_UISupportedInterfaceOrientations_iPhone = "UIInterfaceOrientationPortrait UIInterfaceOrientationLandscapeLeft UIInterfaceOrientationLandscapeRight";
				LD_RUNPATH_SEARCH_PATHS = (
					"$(inherited)",
					"@executable_path/Frameworks",
				);
				MARKETING_VERSION = 1.0;
				PRODUCT_BUNDLE_IDENTIFIER = br.ufpe.cin.academy.SquareSkill;
				PRODUCT_NAME = "$(TARGET_NAME)";
				SWIFT_EMIT_LOC_STRINGS = YES;
				SWIFT_VERSION = 5.0;
				TARGETED_DEVICE_FAMILY = "1,2";
			};
			name = Release;
		};
/* End XCBuildConfiguration section */

/* Begin XCConfigurationList section */
		1752020427EE3BB200A7FE0E /* Build configuration list for PBXProject "SquareSkill" */ = {
			isa = XCConfigurationList;
			buildConfigurations = (
				1752021B27EE3BB300A7FE0E /* Debug */,
				1752021C27EE3BB300A7FE0E /* Release */,
			);
			defaultConfigurationIsVisible = 0;
			defaultConfigurationName = Release;
		};
		1752021D27EE3BB300A7FE0E /* Build configuration list for PBXNativeTarget "SquareSkill" */ = {
			isa = XCConfigurationList;
			buildConfigurations = (
				1752021E27EE3BB300A7FE0E /* Debug */,
				1752021F27EE3BB300A7FE0E /* Release */,
			);
			defaultConfigurationIsVisible = 0;
			defaultConfigurationName = Release;
		};
/* End XCConfigurationList section */
	};
	rootObject = 1752020127EE3BB200A7FE0E /* Project object */;
}
